
Microsoft Visual Studio Solution File, Format Version 12.00
# Visual Studio Version 16
VisualStudioVersion = 16.0.32602.291
MinimumVisualStudioVersion = 10.0.40219.1
Project("{FAE04EC0-301F-11D3-BF4B-00C04F79EFBC}") = "eTickets", "eTickets\eTickets.csproj", "{3F276A72-A416-4C76-9DEE-4EA7E495C7B6}"
EndProject
Global
	GlobalSection(SolutionConfigurationPlatforms) = preSolution
		Debug|Any CPU = Debug|Any CPU
		Release|Any CPU = Release|Any CPU
	EndGlobalSection
	GlobalSection(ProjectConfigurationPlatforms) = postSolution
		{3F276A72-A416-4C76-9DEE-4EA7E495C7B6}.Debug|Any CPU.ActiveCfg = Debug|Any CPU
		{3F276A72-A416-4C76-9DEE-4EA7E495C7B6}.Debug|Any CPU.Build.0 = Debug|Any CPU
		{3F276A72-A416-4C76-9DEE-4EA7E495C7B6}.Release|Any CPU.ActiveCfg = Release|Any CPU
		{3F276A72-A416-4C76-9DEE-4EA7E495C7B6}.Release|Any CPU.Build.0 = Release|Any CPU
	EndGlobalSection
	GlobalSection(SolutionProperties) = preSolution
		HideSolutionNode = FALSE
	EndGlobalSection
	GlobalSection(ExtensibilityGlobals) = postSolution
		SolutionGuid = {2DE8552C-C246-43E3-BAC1-FB574D51AE85}
	EndGlobalSection
EndGlobal
